// !$*UTF8*$!
{
	archiveVersion = 1;
	classes = {
	};
	objectVersion = 50;
	objects = {

/* Begin PBXBuildFile section */
		FE413E57228E91EB00094EB2 /* AppDelegate.swift in Sources */ = {isa = PBXBuildFile; fileRef = FE413E56228E91EB00094EB2 /* AppDelegate.swift */; };
		FE413E5C228E91EB00094EB2 /* Main.storyboard in Resources */ = {isa = PBXBuildFile; fileRef = FE413E5A228E91EB00094EB2 /* Main.storyboard */; };
		FE413E5E228E91ED00094EB2 /* Assets.xcassets in Resources */ = {isa = PBXBuildFile; fileRef = FE413E5D228E91ED00094EB2 /* Assets.xcassets */; };
		FE413E61228E91ED00094EB2 /* LaunchScreen.storyboard in Resources */ = {isa = PBXBuildFile; fileRef = FE413E5F228E91ED00094EB2 /* LaunchScreen.storyboard */; };
		FE413E96228E9AA100094EB2 /* Coordinator.swift in Sources */ = {isa = PBXBuildFile; fileRef = FE413E95228E9AA100094EB2 /* Coordinator.swift */; };
		FE413E98228E9ACD00094EB2 /* MainCoordinator.swift in Sources */ = {isa = PBXBuildFile; fileRef = FE413E97228E9ACD00094EB2 /* MainCoordinator.swift */; };
		FE413E9A228E9AEA00094EB2 /* ImagesListCoordinator.swift in Sources */ = {isa = PBXBuildFile; fileRef = FE413E99228E9AEA00094EB2 /* ImagesListCoordinator.swift */; };
		FE413E9D228E9BA000094EB2 /* UIViewController+storyboard.swift in Sources */ = {isa = PBXBuildFile; fileRef = FE413E9C228E9BA000094EB2 /* UIViewController+storyboard.swift */; };
		FE413EA0228E9EBC00094EB2 /* ImageListPresenter.swift in Sources */ = {isa = PBXBuildFile; fileRef = FE413E9F228E9EBC00094EB2 /* ImageListPresenter.swift */; };
		FE413EA3228EA09F00094EB2 /* PhotoService.swift in Sources */ = {isa = PBXBuildFile; fileRef = FE413EA2228EA09F00094EB2 /* PhotoService.swift */; };
		FE413EA7228EAC2D00094EB2 /* ImageCollectionViewCell.swift in Sources */ = {isa = PBXBuildFile; fileRef = FE413EA5228EAC2D00094EB2 /* ImageCollectionViewCell.swift */; };
		FE413EA8228EAC2D00094EB2 /* ImageCollectionViewCell.xib in Resources */ = {isa = PBXBuildFile; fileRef = FE413EA6228EAC2D00094EB2 /* ImageCollectionViewCell.xib */; };
		FE413EAA228EACB400094EB2 /* UICollectionView+cell.swift in Sources */ = {isa = PBXBuildFile; fileRef = FE413EA9228EACB400094EB2 /* UICollectionView+cell.swift */; };
		FE413EAC228EACE000094EB2 /* UITableView+cell.swift in Sources */ = {isa = PBXBuildFile; fileRef = FE413EAB228EACE000094EB2 /* UITableView+cell.swift */; };
		FE85D46E228EB99800AD146B /* ImagesListViewController.swift in Sources */ = {isa = PBXBuildFile; fileRef = FE85D46D228EB99800AD146B /* ImagesListViewController.swift */; };
		FE85D471228EC50B00AD146B /* DisplayedAsset.swift in Sources */ = {isa = PBXBuildFile; fileRef = FE85D470228EC50B00AD146B /* DisplayedAsset.swift */; };
		FE85D473228ECD0A00AD146B /* NetworkService.swift in Sources */ = {isa = PBXBuildFile; fileRef = FE85D472228ECD0A00AD146B /* NetworkService.swift */; };
		FE85D476228ECD5800AD146B /* Request.swift in Sources */ = {isa = PBXBuildFile; fileRef = FE85D475228ECD5800AD146B /* Request.swift */; };
		FE85D478228ECD6F00AD146B /* InAppURL.swift in Sources */ = {isa = PBXBuildFile; fileRef = FE85D477228ECD6F00AD146B /* InAppURL.swift */; };
		FE85D47C228ECE6F00AD146B /* GenericError.swift in Sources */ = {isa = PBXBuildFile; fileRef = FE85D47B228ECE6F00AD146B /* GenericError.swift */; };
		FE85D47E228ECE8800AD146B /* String+localization.swift in Sources */ = {isa = PBXBuildFile; fileRef = FE85D47D228ECE8800AD146B /* String+localization.swift */; };
		FE85D480228ED02B00AD146B /* RequestRealizer.swift in Sources */ = {isa = PBXBuildFile; fileRef = FE85D47F228ED02B00AD146B /* RequestRealizer.swift */; };
		FE85D482228ED17100AD146B /* Data+decodable.swift in Sources */ = {isa = PBXBuildFile; fileRef = FE85D481228ED17100AD146B /* Data+decodable.swift */; };
		FE85D485228ED39600AD146B /* UploadImageResponse.swift in Sources */ = {isa = PBXBuildFile; fileRef = FE85D484228ED39600AD146B /* UploadImageResponse.swift */; };
		FE85D487228ED51600AD146B /* ImageUploadingPresenter.swift in Sources */ = {isa = PBXBuildFile; fileRef = FE85D486228ED51600AD146B /* ImageUploadingPresenter.swift */; };
		FE85D48B228EF36A00AD146B /* UploadImageRequest.swift in Sources */ = {isa = PBXBuildFile; fileRef = FE85D48A228EF36A00AD146B /* UploadImageRequest.swift */; };
		FE85D48E228F01E100AD146B /* Errorable.swift in Sources */ = {isa = PBXBuildFile; fileRef = FE85D48D228F01E100AD146B /* Errorable.swift */; };
		FE85D490228F023000AD146B /* UIViewController+erroArlert.swift in Sources */ = {isa = PBXBuildFile; fileRef = FE85D48F228F023000AD146B /* UIViewController+erroArlert.swift */; };
/* End PBXBuildFile section */

/* Begin PBXFileReference section */
		FE413E53228E91EB00094EB2 /* ImageUploader.app */ = {isa = PBXFileReference; explicitFileType = wrapper.application; includeInIndex = 0; path = ImageUploader.app; sourceTree = BUILT_PRODUCTS_DIR; };
		FE413E56228E91EB00094EB2 /* AppDelegate.swift */ = {isa = PBXFileReference; lastKnownFileType = sourcecode.swift; path = AppDelegate.swift; sourceTree = "<group>"; };
		FE413E5B228E91EB00094EB2 /* Base */ = {isa = PBXFileReference; lastKnownFileType = file.storyboard; name = Base; path = Base.lproj/Main.storyboard; sourceTree = "<group>"; };
		FE413E5D228E91ED00094EB2 /* Assets.xcassets */ = {isa = PBXFileReference; lastKnownFileType = folder.assetcatalog; path = Assets.xcassets; sourceTree = "<group>"; };
		FE413E60228E91ED00094EB2 /* Base */ = {isa = PBXFileReference; lastKnownFileType = file.storyboard; name = Base; path = Base.lproj/LaunchScreen.storyboard; sourceTree = "<group>"; };
		FE413E62228E91ED00094EB2 /* Info.plist */ = {isa = PBXFileReference; lastKnownFileType = text.plist.xml; path = Info.plist; sourceTree = "<group>"; };
		FE413E95228E9AA100094EB2 /* Coordinator.swift */ = {isa = PBXFileReference; lastKnownFileType = sourcecode.swift; path = Coordinator.swift; sourceTree = "<group>"; };
		FE413E97228E9ACD00094EB2 /* MainCoordinator.swift */ = {isa = PBXFileReference; lastKnownFileType = sourcecode.swift; path = MainCoordinator.swift; sourceTree = "<group>"; };
		FE413E99228E9AEA00094EB2 /* ImagesListCoordinator.swift */ = {isa = PBXFileReference; lastKnownFileType = sourcecode.swift; path = ImagesListCoordinator.swift; sourceTree = "<group>"; };
		FE413E9C228E9BA000094EB2 /* UIViewController+storyboard.swift */ = {isa = PBXFileReference; lastKnownFileType = sourcecode.swift; path = "UIViewController+storyboard.swift"; sourceTree = "<group>"; };
		FE413E9F228E9EBC00094EB2 /* ImageListPresenter.swift */ = {isa = PBXFileReference; lastKnownFileType = sourcecode.swift; path = ImageListPresenter.swift; sourceTree = "<group>"; };
		FE413EA2228EA09F00094EB2 /* PhotoService.swift */ = {isa = PBXFileReference; lastKnownFileType = sourcecode.swift; path = PhotoService.swift; sourceTree = "<group>"; };
		FE413EA5228EAC2D00094EB2 /* ImageCollectionViewCell.swift */ = {isa = PBXFileReference; lastKnownFileType = sourcecode.swift; path = ImageCollectionViewCell.swift; sourceTree = "<group>"; };
		FE413EA6228EAC2D00094EB2 /* ImageCollectionViewCell.xib */ = {isa = PBXFileReference; lastKnownFileType = file.xib; path = ImageCollectionViewCell.xib; sourceTree = "<group>"; };
		FE413EA9228EACB400094EB2 /* UICollectionView+cell.swift */ = {isa = PBXFileReference; lastKnownFileType = sourcecode.swift; path = "UICollectionView+cell.swift"; sourceTree = "<group>"; };
		FE413EAB228EACE000094EB2 /* UITableView+cell.swift */ = {isa = PBXFileReference; lastKnownFileType = sourcecode.swift; path = "UITableView+cell.swift"; sourceTree = "<group>"; };
		FE85D46D228EB99800AD146B /* ImagesListViewController.swift */ = {isa = PBXFileReference; fileEncoding = 4; lastKnownFileType = sourcecode.swift; path = ImagesListViewController.swift; sourceTree = "<group>"; };
		FE85D470228EC50B00AD146B /* DisplayedAsset.swift */ = {isa = PBXFileReference; lastKnownFileType = sourcecode.swift; path = DisplayedAsset.swift; sourceTree = "<group>"; };
		FE85D472228ECD0A00AD146B /* NetworkService.swift */ = {isa = PBXFileReference; lastKnownFileType = sourcecode.swift; path = NetworkService.swift; sourceTree = "<group>"; };
		FE85D475228ECD5800AD146B /* Request.swift */ = {isa = PBXFileReference; lastKnownFileType = sourcecode.swift; path = Request.swift; sourceTree = "<group>"; };
		FE85D477228ECD6F00AD146B /* InAppURL.swift */ = {isa = PBXFileReference; lastKnownFileType = sourcecode.swift; path = InAppURL.swift; sourceTree = "<group>"; };
		FE85D47B228ECE6F00AD146B /* GenericError.swift */ = {isa = PBXFileReference; lastKnownFileType = sourcecode.swift; path = GenericError.swift; sourceTree = "<group>"; };
		FE85D47D228ECE8800AD146B /* String+localization.swift */ = {isa = PBXFileReference; lastKnownFileType = sourcecode.swift; path = "String+localization.swift"; sourceTree = "<group>"; };
		FE85D47F228ED02B00AD146B /* RequestRealizer.swift */ = {isa = PBXFileReference; lastKnownFileType = sourcecode.swift; path = RequestRealizer.swift; sourceTree = "<group>"; };
		FE85D481228ED17100AD146B /* Data+decodable.swift */ = {isa = PBXFileReference; lastKnownFileType = sourcecode.swift; path = "Data+decodable.swift"; sourceTree = "<group>"; };
		FE85D484228ED39600AD146B /* UploadImageResponse.swift */ = {isa = PBXFileReference; lastKnownFileType = sourcecode.swift; path = UploadImageResponse.swift; sourceTree = "<group>"; };
		FE85D486228ED51600AD146B /* ImageUploadingPresenter.swift */ = {isa = PBXFileReference; lastKnownFileType = sourcecode.swift; path = ImageUploadingPresenter.swift; sourceTree = "<group>"; };
		FE85D48A228EF36A00AD146B /* UploadImageRequest.swift */ = {isa = PBXFileReference; lastKnownFileType = sourcecode.swift; path = UploadImageRequest.swift; sourceTree = "<group>"; };
		FE85D48D228F01E100AD146B /* Errorable.swift */ = {isa = PBXFileReference; lastKnownFileType = sourcecode.swift; path = Errorable.swift; sourceTree = "<group>"; };
		FE85D48F228F023000AD146B /* UIViewController+erroArlert.swift */ = {isa = PBXFileReference; lastKnownFileType = sourcecode.swift; path = "UIViewController+erroArlert.swift"; sourceTree = "<group>"; };
/* End PBXFileReference section */

/* Begin PBXFrameworksBuildPhase section */
		FE413E50228E91EB00094EB2 /* Frameworks */ = {
			isa = PBXFrameworksBuildPhase;
			buildActionMask = 2147483647;
			files = (
			);
			runOnlyForDeploymentPostprocessing = 0;
		};
/* End PBXFrameworksBuildPhase section */

/* Begin PBXGroup section */
		FE413E4A228E91EB00094EB2 = {
			isa = PBXGroup;
			children = (
				FE413E55228E91EB00094EB2 /* ImageUploader */,
				FE413E54228E91EB00094EB2 /* Products */,
			);
			sourceTree = "<group>";
		};
		FE413E54228E91EB00094EB2 /* Products */ = {
			isa = PBXGroup;
			children = (
				FE413E53228E91EB00094EB2 /* ImageUploader.app */,
			);
			name = Products;
			sourceTree = "<group>";
		};
		FE413E55228E91EB00094EB2 /* ImageUploader */ = {
			isa = PBXGroup;
			children = (
				FE413E56228E91EB00094EB2 /* AppDelegate.swift */,
				FE413E94228E9A9000094EB2 /* Coordinators */,
				FE413E8F228E9A1800094EB2 /* Scenes */,
				FE413EA1228EA08D00094EB2 /* Services */,
				FE413E6A228E935600094EB2 /* Supporting Files */,
			);
			path = ImageUploader;
			sourceTree = "<group>";
		};
		FE413E6A228E935600094EB2 /* Supporting Files */ = {
			isa = PBXGroup;
			children = (
				FE413E9B228E9B8000094EB2 /* Extensions */,
				FE413E6B228E935F00094EB2 /* Resources */,
				FE413E5D228E91ED00094EB2 /* Assets.xcassets */,
				FE413E62228E91ED00094EB2 /* Info.plist */,
			);
			path = "Supporting Files";
			sourceTree = "<group>";
		};
		FE413E6B228E935F00094EB2 /* Resources */ = {
			isa = PBXGroup;
			children = (
				FE413E5A228E91EB00094EB2 /* Main.storyboard */,
				FE413E5F228E91ED00094EB2 /* LaunchScreen.storyboard */,
			);
			path = Resources;
			sourceTree = "<group>";
		};
		FE413E8F228E9A1800094EB2 /* Scenes */ = {
			isa = PBXGroup;
			children = (
				FE85D48C228F01CB00AD146B /* Shared */,
				FE413E90228E9A7100094EB2 /* ImagesListScene */,
			);
			path = Scenes;
			sourceTree = "<group>";
		};
		FE413E90228E9A7100094EB2 /* ImagesListScene */ = {
			isa = PBXGroup;
			children = (
				FE85D46F228EC36C00AD146B /* Models */,
				FE413E91228E9A7800094EB2 /* Views */,
				FE413E9E228E9EAB00094EB2 /* Presenter */,
			);
			path = ImagesListScene;
			sourceTree = "<group>";
		};
		FE413E91228E9A7800094EB2 /* Views */ = {
			isa = PBXGroup;
			children = (
				FE85D46D228EB99800AD146B /* ImagesListViewController.swift */,
				FE413EA4228EAC1000094EB2 /* ImageCollectionViewCell */,
			);
			path = Views;
			sourceTree = "<group>";
		};
		FE413E94228E9A9000094EB2 /* Coordinators */ = {
			isa = PBXGroup;
			children = (
				FE413E95228E9AA100094EB2 /* Coordinator.swift */,
				FE413E97228E9ACD00094EB2 /* MainCoordinator.swift */,
				FE413E99228E9AEA00094EB2 /* ImagesListCoordinator.swift */,
			);
			path = Coordinators;
			sourceTree = "<group>";
		};
		FE413E9B228E9B8000094EB2 /* Extensions */ = {
			isa = PBXGroup;
			children = (
				FE413E9C228E9BA000094EB2 /* UIViewController+storyboard.swift */,
				FE85D48F228F023000AD146B /* UIViewController+erroArlert.swift */,
				FE413EA9228EACB400094EB2 /* UICollectionView+cell.swift */,
				FE413EAB228EACE000094EB2 /* UITableView+cell.swift */,
				FE85D47D228ECE8800AD146B /* String+localization.swift */,
				FE85D481228ED17100AD146B /* Data+decodable.swift */,
			);
			path = Extensions;
			sourceTree = "<group>";
		};
		FE413E9E228E9EAB00094EB2 /* Presenter */ = {
			isa = PBXGroup;
			children = (
				FE85D486228ED51600AD146B /* ImageUploadingPresenter.swift */,
				FE413E9F228E9EBC00094EB2 /* ImageListPresenter.swift */,
			);
			path = Presenter;
			sourceTree = "<group>";
		};
		FE413EA1228EA08D00094EB2 /* Services */ = {
			isa = PBXGroup;
			children = (
				FE85D474228ECD3A00AD146B /* Networking */,
				FE413EA2228EA09F00094EB2 /* PhotoService.swift */,
			);
			path = Services;
			sourceTree = "<group>";
		};
		FE413EA4228EAC1000094EB2 /* ImageCollectionViewCell */ = {
			isa = PBXGroup;
			children = (
				FE413EA5228EAC2D00094EB2 /* ImageCollectionViewCell.swift */,
				FE413EA6228EAC2D00094EB2 /* ImageCollectionViewCell.xib */,
			);
			path = ImageCollectionViewCell;
			sourceTree = "<group>";
		};
		FE85D46F228EC36C00AD146B /* Models */ = {
			isa = PBXGroup;
			children = (
				FE85D470228EC50B00AD146B /* DisplayedAsset.swift */,
			);
			path = Models;
			sourceTree = "<group>";
		};
		FE85D474228ECD3A00AD146B /* Networking */ = {
			isa = PBXGroup;
			children = (
				FE85D483228ED38000AD146B /* APIModels */,
				FE85D47A228ECE5D00AD146B /* Request Building */,
				FE85D472228ECD0A00AD146B /* NetworkService.swift */,
				FE85D47F228ED02B00AD146B /* RequestRealizer.swift */,
				FE85D47B228ECE6F00AD146B /* GenericError.swift */,
			);
			path = Networking;
			sourceTree = "<group>";
		};
		FE85D47A228ECE5D00AD146B /* Request Building */ = {
			isa = PBXGroup;
			children = (
				FE85D477228ECD6F00AD146B /* InAppURL.swift */,
				FE85D475228ECD5800AD146B /* Request.swift */,
			);
			path = "Request Building";
			sourceTree = "<group>";
		};
		FE85D483228ED38000AD146B /* APIModels */ = {
			isa = PBXGroup;
			children = (
				FE85D48A228EF36A00AD146B /* UploadImageRequest.swift */,
				FE85D484228ED39600AD146B /* UploadImageResponse.swift */,
			);
			path = APIModels;
			sourceTree = "<group>";
		};
		FE85D48C228F01CB00AD146B /* Shared */ = {
			isa = PBXGroup;
			children = (
				FE85D48D228F01E100AD146B /* Errorable.swift */,
			);
			path = Shared;
			sourceTree = "<group>";
		};
/* End PBXGroup section */

/* Begin PBXNativeTarget section */
		FE413E52228E91EB00094EB2 /* ImageUploader */ = {
			isa = PBXNativeTarget;
			buildConfigurationList = FE413E65228E91ED00094EB2 /* Build configuration list for PBXNativeTarget "ImageUploader" */;
			buildPhases = (
				FE413E4F228E91EB00094EB2 /* Sources */,
				FE413E50228E91EB00094EB2 /* Frameworks */,
				FE413E51228E91EB00094EB2 /* Resources */,
			);
			buildRules = (
			);
			dependencies = (
			);
			name = ImageUploader;
			productName = ImageUploader;
			productReference = FE413E53228E91EB00094EB2 /* ImageUploader.app */;
			productType = "com.apple.product-type.application";
		};
/* End PBXNativeTarget section */

/* Begin PBXProject section */
		FE413E4B228E91EB00094EB2 /* Project object */ = {
			isa = PBXProject;
			attributes = {
				LastSwiftUpdateCheck = 1020;
				LastUpgradeCheck = 1020;
				ORGANIZATIONNAME = lyksa;
				TargetAttributes = {
					FE413E52228E91EB00094EB2 = {
						CreatedOnToolsVersion = 10.2.1;
					};
				};
			};
			buildConfigurationList = FE413E4E228E91EB00094EB2 /* Build configuration list for PBXProject "ImageUploader" */;
			compatibilityVersion = "Xcode 9.3";
			developmentRegion = en;
			hasScannedForEncodings = 0;
			knownRegions = (
				en,
				Base,
			);
			mainGroup = FE413E4A228E91EB00094EB2;
			productRefGroup = FE413E54228E91EB00094EB2 /* Products */;
			projectDirPath = "";
			projectRoot = "";
			targets = (
				FE413E52228E91EB00094EB2 /* ImageUploader */,
			);
		};
/* End PBXProject section */

/* Begin PBXResourcesBuildPhase section */
		FE413E51228E91EB00094EB2 /* Resources */ = {
			isa = PBXResourcesBuildPhase;
			buildActionMask = 2147483647;
			files = (
				FE413E61228E91ED00094EB2 /* LaunchScreen.storyboard in Resources */,
				FE413E5E228E91ED00094EB2 /* Assets.xcassets in Resources */,
				FE413EA8228EAC2D00094EB2 /* ImageCollectionViewCell.xib in Resources */,
				FE413E5C228E91EB00094EB2 /* Main.storyboard in Resources */,
			);
			runOnlyForDeploymentPostprocessing = 0;
		};
/* End PBXResourcesBuildPhase section */

/* Begin PBXSourcesBuildPhase section */
		FE413E4F228E91EB00094EB2 /* Sources */ = {
			isa = PBXSourcesBuildPhase;
			buildActionMask = 2147483647;
			files = (
				FE85D46E228EB99800AD146B /* ImagesListViewController.swift in Sources */,
				FE85D482228ED17100AD146B /* Data+decodable.swift in Sources */,
				FE85D478228ECD6F00AD146B /* InAppURL.swift in Sources */,
				FE85D485228ED39600AD146B /* UploadImageResponse.swift in Sources */,
				FE413EA3228EA09F00094EB2 /* PhotoService.swift in Sources */,
				FE413E98228E9ACD00094EB2 /* MainCoordinator.swift in Sources */,
				FE85D47C228ECE6F00AD146B /* GenericError.swift in Sources */,
				FE85D480228ED02B00AD146B /* RequestRealizer.swift in Sources */,
				FE413E9A228E9AEA00094EB2 /* ImagesListCoordinator.swift in Sources */,
				FE413EAA228EACB400094EB2 /* UICollectionView+cell.swift in Sources */,
				FE413EAC228EACE000094EB2 /* UITableView+cell.swift in Sources */,
				FE85D47E228ECE8800AD146B /* String+localization.swift in Sources */,
				FE413E57228E91EB00094EB2 /* AppDelegate.swift in Sources */,
				FE413E96228E9AA100094EB2 /* Coordinator.swift in Sources */,
				FE85D487228ED51600AD146B /* ImageUploadingPresenter.swift in Sources */,
				FE85D490228F023000AD146B /* UIViewController+erroArlert.swift in Sources */,
				FE413EA7228EAC2D00094EB2 /* ImageCollectionViewCell.swift in Sources */,
				FE85D471228EC50B00AD146B /* DisplayedAsset.swift in Sources */,
				FE413E9D228E9BA000094EB2 /* UIViewController+storyboard.swift in Sources */,
				FE85D476228ECD5800AD146B /* Request.swift in Sources */,
				FE85D473228ECD0A00AD146B /* NetworkService.swift in Sources */,
				FE85D48B228EF36A00AD146B /* UploadImageRequest.swift in Sources */,
				FE85D48E228F01E100AD146B /* Errorable.swift in Sources */,
				FE413EA0228E9EBC00094EB2 /* ImageListPresenter.swift in Sources */,
			);
			runOnlyForDeploymentPostprocessing = 0;
		};
/* End PBXSourcesBuildPhase section */

/* Begin PBXVariantGroup section */
		FE413E5A228E91EB00094EB2 /* Main.storyboard */ = {
			isa = PBXVariantGroup;
			children = (
				FE413E5B228E91EB00094EB2 /* Base */,
			);
			name = Main.storyboard;
			sourceTree = "<group>";
		};
		FE413E5F228E91ED00094EB2 /* LaunchScreen.storyboard */ = {
			isa = PBXVariantGroup;
			children = (
				FE413E60228E91ED00094EB2 /* Base */,
			);
			name = LaunchScreen.storyboard;
			sourceTree = "<group>";
		};
/* End PBXVariantGroup section */

/* Begin XCBuildConfiguration section */
		FE413E63228E91ED00094EB2 /* Debug */ = {
			isa = XCBuildConfiguration;
			buildSettings = {
				ALWAYS_SEARCH_USER_PATHS = NO;
				CLANG_ANALYZER_NONNULL = YES;
				CLANG_ANALYZER_NUMBER_OBJECT_CONVERSION = YES_AGGRESSIVE;
				CLANG_CXX_LANGUAGE_STANDARD = "gnu++14";
				CLANG_CXX_LIBRARY = "libc++";
				CLANG_ENABLE_MODULES = YES;
				CLANG_ENABLE_OBJC_ARC = YES;
				CLANG_ENABLE_OBJC_WEAK = YES;
				CLANG_WARN_BLOCK_CAPTURE_AUTORELEASING = YES;
				CLANG_WARN_BOOL_CONVERSION = YES;
				CLANG_WARN_COMMA = YES;
				CLANG_WARN_CONSTANT_CONVERSION = YES;
				CLANG_WARN_DEPRECATED_OBJC_IMPLEMENTATIONS = YES;
				CLANG_WARN_DIRECT_OBJC_ISA_USAGE = YES_ERROR;
				CLANG_WARN_DOCUMENTATION_COMMENTS = YES;
				CLANG_WARN_EMPTY_BODY = YES;
				CLANG_WARN_ENUM_CONVERSION = YES;
				CLANG_WARN_INFINITE_RECURSION = YES;
				CLANG_WARN_INT_CONVERSION = YES;
				CLANG_WARN_NON_LITERAL_NULL_CONVERSION = YES;
				CLANG_WARN_OBJC_IMPLICIT_RETAIN_SELF = YES;
				CLANG_WARN_OBJC_LITERAL_CONVERSION = YES;
				CLANG_WARN_OBJC_ROOT_CLASS = YES_ERROR;
				CLANG_WARN_RANGE_LOOP_ANALYSIS = YES;
				CLANG_WARN_STRICT_PROTOTYPES = YES;
				CLANG_WARN_SUSPICIOUS_MOVE = YES;
				CLANG_WARN_UNGUARDED_AVAILABILITY = YES_AGGRESSIVE;
				CLANG_WARN_UNREACHABLE_CODE = YES;
				CLANG_WARN__DUPLICATE_METHOD_MATCH = YES;
				CODE_SIGN_IDENTITY = "iPhone Developer";
				COPY_PHASE_STRIP = NO;
				DEBUG_INFORMATION_FORMAT = dwarf;
				ENABLE_STRICT_OBJC_MSGSEND = YES;
				ENABLE_TESTABILITY = YES;
				GCC_C_LANGUAGE_STANDARD = gnu11;
				GCC_DYNAMIC_NO_PIC = NO;
				GCC_NO_COMMON_BLOCKS = YES;
				GCC_OPTIMIZATION_LEVEL = 0;
				GCC_PREPROCESSOR_DEFINITIONS = (
					"DEBUG=1",
					"$(inherited)",
				);
				GCC_WARN_64_TO_32_BIT_CONVERSION = YES;
				GCC_WARN_ABOUT_RETURN_TYPE = YES_ERROR;
				GCC_WARN_UNDECLARED_SELECTOR = YES;
				GCC_WARN_UNINITIALIZED_AUTOS = YES_AGGRESSIVE;
				GCC_WARN_UNUSED_FUNCTION = YES;
				GCC_WARN_UNUSED_VARIABLE = YES;
				IPHONEOS_DEPLOYMENT_TARGET = 12.2;
				MTL_ENABLE_DEBUG_INFO = INCLUDE_SOURCE;
				MTL_FAST_MATH = YES;
				ONLY_ACTIVE_ARCH = YES;
				SDKROOT = iphoneos;
				SWIFT_ACTIVE_COMPILATION_CONDITIONS = DEBUG;
				SWIFT_OPTIMIZATION_LEVEL = "-Onone";
			};
			name = Debug;
		};
		FE413E64228E91ED00094EB2 /* Release */ = {
			isa = XCBuildConfiguration;
			buildSettings = {
				ALWAYS_SEARCH_USER_PATHS = NO;
				CLANG_ANALYZER_NONNULL = YES;
				CLANG_ANALYZER_NUMBER_OBJECT_CONVERSION = YES_AGGRESSIVE;
				CLANG_CXX_LANGUAGE_STANDARD = "gnu++14";
				CLANG_CXX_LIBRARY = "libc++";
				CLANG_ENABLE_MODULES = YES;
				CLANG_ENABLE_OBJC_ARC = YES;
				CLANG_ENABLE_OBJC_WEAK = YES;
				CLANG_WARN_BLOCK_CAPTURE_AUTORELEASING = YES;
				CLANG_WARN_BOOL_CONVERSION = YES;
				CLANG_WARN_COMMA = YES;
				CLANG_WARN_CONSTANT_CONVERSION = YES;
				CLANG_WARN_DEPRECATED_OBJC_IMPLEMENTATIONS = YES;
				CLANG_WARN_DIRECT_OBJC_ISA_USAGE = YES_ERROR;
				CLANG_WARN_DOCUMENTATION_COMMENTS = YES;
				CLANG_WARN_EMPTY_BODY = YES;
				CLANG_WARN_ENUM_CONVERSION = YES;
				CLANG_WARN_INFINITE_RECURSION = YES;
				CLANG_WARN_INT_CONVERSION = YES;
				CLANG_WARN_NON_LITERAL_NULL_CONVERSION = YES;
				CLANG_WARN_OBJC_IMPLICIT_RETAIN_SELF = YES;
				CLANG_WARN_OBJC_LITERAL_CONVERSION = YES;
				CLANG_WARN_OBJC_ROOT_CLASS = YES_ERROR;
				CLANG_WARN_RANGE_LOOP_ANALYSIS = YES;
				CLANG_WARN_STRICT_PROTOTYPES = YES;
				CLANG_WARN_SUSPICIOUS_MOVE = YES;
				CLANG_WARN_UNGUARDED_AVAILABILITY = YES_AGGRESSIVE;
				CLANG_WARN_UNREACHABLE_CODE = YES;
				CLANG_WARN__DUPLICATE_METHOD_MATCH = YES;
				CODE_SIGN_IDENTITY = "iPhone Developer";
				COPY_PHASE_STRIP = NO;
				DEBUG_INFORMATION_FORMAT = "dwarf-with-dsym";
				ENABLE_NS_ASSERTIONS = NO;
				ENABLE_STRICT_OBJC_MSGSEND = YES;
				GCC_C_LANGUAGE_STANDARD = gnu11;
				GCC_NO_COMMON_BLOCKS = YES;
				GCC_WARN_64_TO_32_BIT_CONVERSION = YES;
				GCC_WARN_ABOUT_RETURN_TYPE = YES_ERROR;
				GCC_WARN_UNDECLARED_SELECTOR = YES;
				GCC_WARN_UNINITIALIZED_AUTOS = YES_AGGRESSIVE;
				GCC_WARN_UNUSED_FUNCTION = YES;
				GCC_WARN_UNUSED_VARIABLE = YES;
				IPHONEOS_DEPLOYMENT_TARGET = 12.2;
				MTL_ENABLE_DEBUG_INFO = NO;
				MTL_FAST_MATH = YES;
				SDKROOT = iphoneos;
				SWIFT_COMPILATION_MODE = wholemodule;
				SWIFT_OPTIMIZATION_LEVEL = "-O";
				VALIDATE_PRODUCT = YES;
			};
			name = Release;
		};
		FE413E66228E91ED00094EB2 /* Debug */ = {
			isa = XCBuildConfiguration;
			buildSettings = {
				ASSETCATALOG_COMPILER_APPICON_NAME = AppIcon;
				CODE_SIGN_STYLE = Automatic;
				DEVELOPMENT_TEAM = 3HY885L7L9;
				INFOPLIST_FILE = "$(SRCROOT)/ImageUploader/Supporting Files/Info.plist";
				IPHONEOS_DEPLOYMENT_TARGET = 10.0;
				LD_RUNPATH_SEARCH_PATHS = (
					"$(inherited)",
					"@executable_path/Frameworks",
				);
				PRODUCT_BUNDLE_IDENTIFIER = com.lyksa.artem.ImageUploader;
				PRODUCT_NAME = "$(TARGET_NAME)";
				SWIFT_VERSION = 5.0;
				TARGETED_DEVICE_FAMILY = "1,2";
			};
			name = Debug;
		};
		FE413E67228E91ED00094EB2 /* Release */ = {
			isa = XCBuildConfiguration;
			buildSettings = {
				ASSETCATALOG_COMPILER_APPICON_NAME = AppIcon;
				CODE_SIGN_STYLE = Automatic;
				DEVELOPMENT_TEAM = 3HY885L7L9;
				INFOPLIST_FILE = "$(SRCROOT)/ImageUploader/Supporting Files/Info.plist";
				IPHONEOS_DEPLOYMENT_TARGET = 10.0;
				LD_RUNPATH_SEARCH_PATHS = (
					"$(inherited)",
					"@executable_path/Frameworks",
				);
				PRODUCT_BUNDLE_IDENTIFIER = com.lyksa.artem.ImageUploader;
				PRODUCT_NAME = "$(TARGET_NAME)";
				SWIFT_VERSION = 5.0;
				TARGETED_DEVICE_FAMILY = "1,2";
			};
			name = Release;
		};
/* End XCBuildConfiguration section */

/* Begin XCConfigurationList section */
		FE413E4E228E91EB00094EB2 /* Build configuration list for PBXProject "ImageUploader" */ = {
			isa = XCConfigurationList;
			buildConfigurations = (
				FE413E63228E91ED00094EB2 /* Debug */,
				FE413E64228E91ED00094EB2 /* Release */,
			);
			defaultConfigurationIsVisible = 0;
			defaultConfigurationName = Release;
		};
		FE413E65228E91ED00094EB2 /* Build configuration list for PBXNativeTarget "ImageUploader" */ = {
			isa = XCConfigurationList;
			buildConfigurations = (
				FE413E66228E91ED00094EB2 /* Debug */,
				FE413E67228E91ED00094EB2 /* Release */,
			);
			defaultConfigurationIsVisible = 0;
			defaultConfigurationName = Release;
		};
/* End XCConfigurationList section */
	};
	rootObject = FE413E4B228E91EB00094EB2 /* Project object */;
}
